
Microsoft Visual Studio Solution File, Format Version 12.00
# Visual Studio Version 17
VisualStudioVersion = 17.0.31903.59
MinimumVisualStudioVersion = 10.0.40219.1
Project("{9A19103F-16F7-4668-BE54-9A1E7A4F7556}") = "KerstLijst_BL", "KerstLijst_BL\KerstLijst_BL.csproj", "{0F77CD6E-4FF3-4B53-9A99-8886FFBC39DF}"
EndProject
Project("{9A19103F-16F7-4668-BE54-9A1E7A4F7556}") = "KerstLijst_DL", "KerstLijst_DL\KerstLijst_DL.csproj", "{A1F6D7D3-D9F0-4DC3-8954-9E416D41B08C}"
EndProject
Project("{9A19103F-16F7-4668-BE54-9A1E7A4F7556}") = "KerstLijstMaui_App", "KerstLijstMaui_App\KerstLijstMaui_App.csproj", "{93C9E506-21EE-4589-A23C-630A6F4517D2}"
EndProject
Global
	GlobalSection(SolutionConfigurationPlatforms) = preSolution
		Debug|Any CPU = Debug|Any CPU
		Debug|x64 = Debug|x64
		Debug|x86 = Debug|x86
		Release|Any CPU = Release|Any CPU
		Release|x64 = Release|x64
		Release|x86 = Release|x86
	EndGlobalSection
	GlobalSection(ProjectConfigurationPlatforms) = postSolution
		{0F77CD6E-4FF3-4B53-9A99-8886FFBC39DF}.Debug|Any CPU.ActiveCfg = Debug|Any CPU
		{0F77CD6E-4FF3-4B53-9A99-8886FFBC39DF}.Debug|Any CPU.Build.0 = Debug|Any CPU
		{0F77CD6E-4FF3-4B53-9A99-8886FFBC39DF}.Debug|x64.ActiveCfg = Debug|Any CPU
		{0F77CD6E-4FF3-4B53-9A99-8886FFBC39DF}.Debug|x64.Build.0 = Debug|Any CPU
		{0F77CD6E-4FF3-4B53-9A99-8886FFBC39DF}.Debug|x86.ActiveCfg = Debug|Any CPU
		{0F77CD6E-4FF3-4B53-9A99-8886FFBC39DF}.Debug|x86.Build.0 = Debug|Any CPU
		{0F77CD6E-4FF3-4B53-9A99-8886FFBC39DF}.Release|Any CPU.ActiveCfg = Release|Any CPU
		{0F77CD6E-4FF3-4B53-9A99-8886FFBC39DF}.Release|Any CPU.Build.0 = Release|Any CPU
		{0F77CD6E-4FF3-4B53-9A99-8886FFBC39DF}.Release|x64.ActiveCfg = Release|Any CPU
		{0F77CD6E-4FF3-4B53-9A99-8886FFBC39DF}.Release|x64.Build.0 = Release|Any CPU
		{0F77CD6E-4FF3-4B53-9A99-8886FFBC39DF}.Release|x86.ActiveCfg = Release|Any CPU
		{0F77CD6E-4FF3-4B53-9A99-8886FFBC39DF}.Release|x86.Build.0 = Release|Any CPU
		{A1F6D7D3-D9F0-4DC3-8954-9E416D41B08C}.Debug|Any CPU.ActiveCfg = Debug|Any CPU
		{A1F6D7D3-D9F0-4DC3-8954-9E416D41B08C}.Debug|Any CPU.Build.0 = Debug|Any CPU
		{A1F6D7D3-D9F0-4DC3-8954-9E416D41B08C}.Debug|x64.ActiveCfg = Debug|Any CPU
		{A1F6D7D3-D9F0-4DC3-8954-9E416D41B08C}.Debug|x64.Build.0 = Debug|Any CPU
		{A1F6D7D3-D9F0-4DC3-8954-9E416D41B08C}.Debug|x86.ActiveCfg = Debug|Any CPU
		{A1F6D7D3-D9F0-4DC3-8954-9E416D41B08C}.Debug|x86.Build.0 = Debug|Any CPU
		{A1F6D7D3-D9F0-4DC3-8954-9E416D41B08C}.Release|Any CPU.ActiveCfg = Release|Any CPU
		{A1F6D7D3-D9F0-4DC3-8954-9E416D41B08C}.Release|Any CPU.Build.0 = Release|Any CPU
		{A1F6D7D3-D9F0-4DC3-8954-9E416D41B08C}.Release|x64.ActiveCfg = Release|Any CPU
		{A1F6D7D3-D9F0-4DC3-8954-9E416D41B08C}.Release|x64.Build.0 = Release|Any CPU
		{A1F6D7D3-D9F0-4DC3-8954-9E416D41B08C}.Release|x86.ActiveCfg = Release|Any CPU
		{A1F6D7D3-D9F0-4DC3-8954-9E416D41B08C}.Release|x86.Build.0 = Release|Any CPU
		{93C9E506-21EE-4589-A23C-630A6F4517D2}.Debug|Any CPU.ActiveCfg = Debug|Any CPU
		{93C9E506-21EE-4589-A23C-630A6F4517D2}.Debug|Any CPU.Build.0 = Debug|Any CPU
		{93C9E506-21EE-4589-A23C-630A6F4517D2}.Debug|Any CPU.Deploy.0 = Debug|Any CPU
		{93C9E506-21EE-4589-A23C-630A6F4517D2}.Debug|x64.ActiveCfg = Debug|Any CPU
		{93C9E506-21EE-4589-A23C-630A6F4517D2}.Debug|x64.Build.0 = Debug|Any CPU
		{93C9E506-21EE-4589-A23C-630A6F4517D2}.Debug|x64.Deploy.0 = Debug|Any CPU
		{93C9E506-21EE-4589-A23C-630A6F4517D2}.Debug|x86.ActiveCfg = Debug|Any CPU
		{93C9E506-21EE-4589-A23C-630A6F4517D2}.Debug|x86.Build.0 = Debug|Any CPU
		{93C9E506-21EE-4589-A23C-630A6F4517D2}.Debug|x86.Deploy.0 = Debug|Any CPU
		{93C9E506-21EE-4589-A23C-630A6F4517D2}.Release|Any CPU.ActiveCfg = Release|Any CPU
		{93C9E506-21EE-4589-A23C-630A6F4517D2}.Release|Any CPU.Build.0 = Release|Any CPU
		{93C9E506-21EE-4589-A23C-630A6F4517D2}.Release|Any CPU.Deploy.0 = Release|Any CPU
		{93C9E506-21EE-4589-A23C-630A6F4517D2}.Release|x64.ActiveCfg = Release|Any CPU
		{93C9E506-21EE-4589-A23C-630A6F4517D2}.Release|x64.Build.0 = Release|Any CPU
		{93C9E506-21EE-4589-A23C-630A6F4517D2}.Release|x64.Deploy.0 = Release|Any CPU
		{93C9E506-21EE-4589-A23C-630A6F4517D2}.Release|x86.ActiveCfg = Release|Any CPU
		{93C9E506-21EE-4589-A23C-630A6F4517D2}.Release|x86.Build.0 = Release|Any CPU
		{93C9E506-21EE-4589-A23C-630A6F4517D2}.Release|x86.Deploy.0 = Release|Any CPU
	EndGlobalSection
	GlobalSection(SolutionProperties) = preSolution
		HideSolutionNode = FALSE
	EndGlobalSection
	GlobalSection(ExtensibilityGlobals) = postSolution
		SolutionGuid = {470FA34B-477C-4E32-8310-023B19C5217D}
	EndGlobalSection
EndGlobal
